
Microsoft Visual Studio Solution File, Format Version 12.00
# Visual Studio Version 16
VisualStudioVersion = 16.0.30709.64
MinimumVisualStudioVersion = 10.0.40219.1
Project("{FAE04EC0-301F-11D3-BF4B-00C04F79EFBC}") = "BDefenderApp", "BDefenderApp\BDefenderApp.csproj", "{8AD3E4D2-75DF-4D4A-88C5-A82F1ABC9EA9}"
EndProject
Global
	GlobalSection(SolutionConfigurationPlatforms) = preSolution
		Debug|Any CPU = Debug|Any CPU
		Release|Any CPU = Release|Any CPU
	EndGlobalSection
	GlobalSection(ProjectConfigurationPlatforms) = postSolution
		{8AD3E4D2-75DF-4D4A-88C5-A82F1ABC9EA9}.Debug|Any CPU.ActiveCfg = Debug|Any CPU
		{8AD3E4D2-75DF-4D4A-88C5-A82F1ABC9EA9}.Debug|Any CPU.Build.0 = Debug|Any CPU
		{8AD3E4D2-75DF-4D4A-88C5-A82F1ABC9EA9}.Release|Any CPU.ActiveCfg = Release|Any CPU
		{8AD3E4D2-75DF-4D4A-88C5-A82F1ABC9EA9}.Release|Any CPU.Build.0 = Release|Any CPU
	EndGlobalSection
	GlobalSection(SolutionProperties) = preSolution
		HideSolutionNode = FALSE
	EndGlobalSection
	GlobalSection(ExtensibilityGlobals) = postSolution
		SolutionGuid = {7BE8EAD1-5B6E-4F1A-97F2-9B34DA02A33F}
	EndGlobalSection
EndGlobal
