
Microsoft Visual Studio Solution File, Format Version 12.00
# Visual Studio Version 16
VisualStudioVersion = 16.0.30709.64
MinimumVisualStudioVersion = 10.0.40219.1
Project("{FAE04EC0-301F-11D3-BF4B-00C04F79EFBC}") = "BCPredictML", "BCPredictML\BCPredictML.csproj", "{1D2E8141-B7C3-4958-90FC-93496235CA01}"
EndProject
Project("{9A19103F-16F7-4668-BE54-9A1E7A4F7556}") = "BCPredictMLML.Model", "BCPredictMLML.Model\BCPredictMLML.Model.csproj", "{B5B5F323-47D2-4502-A039-98603DB22E78}"
EndProject
Project("{9A19103F-16F7-4668-BE54-9A1E7A4F7556}") = "BCPredictMLML.ConsoleApp", "BCPredictMLML.ConsoleApp\BCPredictMLML.ConsoleApp.csproj", "{B3C1146A-DBEB-469A-82B9-2DB7C48E3660}"
EndProject
Global
	GlobalSection(SolutionConfigurationPlatforms) = preSolution
		Debug|Any CPU = Debug|Any CPU
		Release|Any CPU = Release|Any CPU
	EndGlobalSection
	GlobalSection(ProjectConfigurationPlatforms) = postSolution
		{1D2E8141-B7C3-4958-90FC-93496235CA01}.Debug|Any CPU.ActiveCfg = Debug|Any CPU
		{1D2E8141-B7C3-4958-90FC-93496235CA01}.Debug|Any CPU.Build.0 = Debug|Any CPU
		{1D2E8141-B7C3-4958-90FC-93496235CA01}.Release|Any CPU.ActiveCfg = Release|Any CPU
		{1D2E8141-B7C3-4958-90FC-93496235CA01}.Release|Any CPU.Build.0 = Release|Any CPU
		{B5B5F323-47D2-4502-A039-98603DB22E78}.Debug|Any CPU.ActiveCfg = Debug|Any CPU
		{B5B5F323-47D2-4502-A039-98603DB22E78}.Debug|Any CPU.Build.0 = Debug|Any CPU
		{B5B5F323-47D2-4502-A039-98603DB22E78}.Release|Any CPU.ActiveCfg = Release|Any CPU
		{B5B5F323-47D2-4502-A039-98603DB22E78}.Release|Any CPU.Build.0 = Release|Any CPU
		{B3C1146A-DBEB-469A-82B9-2DB7C48E3660}.Debug|Any CPU.ActiveCfg = Debug|Any CPU
		{B3C1146A-DBEB-469A-82B9-2DB7C48E3660}.Debug|Any CPU.Build.0 = Debug|Any CPU
		{B3C1146A-DBEB-469A-82B9-2DB7C48E3660}.Release|Any CPU.ActiveCfg = Release|Any CPU
		{B3C1146A-DBEB-469A-82B9-2DB7C48E3660}.Release|Any CPU.Build.0 = Release|Any CPU
	EndGlobalSection
	GlobalSection(SolutionProperties) = preSolution
		HideSolutionNode = FALSE
	EndGlobalSection
	GlobalSection(ExtensibilityGlobals) = postSolution
		SolutionGuid = {C068E2E5-0BB9-48F6-8810-02C91CCE01BF}
	EndGlobalSection
EndGlobal
